{
  "name": "blockchain",
  "version": "1.0.0",
  "lockfileVersion": 1,
  "requires": true,
  "dependencies": {
    "capitalize": {
      "version": "2.0.3",
      "resolved": "https://registry.npmjs.org/capitalize/-/capitalize-2.0.3.tgz",
      "integrity": "sha512-Qc5ksT1/zEJBbFYD05h99hCNEW0cgyD0zzE5WvkgisNnppJ+16zfaSk34evF0j6pGW8hejkRUeygJ5uN5k22SQ=="
    }
  }
}
